
Microsoft Visual Studio Solution File, Format Version 12.00
# Visual Studio Version 17
VisualStudioVersion = 17.5.33516.290
MinimumVisualStudioVersion = 10.0.40219.1
Project("{FAE04EC0-301F-11D3-BF4B-00C04F79EFBC}") = "ArrayseFunçoes.ConsoleApp", "..\ArrayseFunçoes\ArrayseFunçoes.ConsoleApp\ArrayseFunçoes.ConsoleApp.csproj", "{4193409F-848B-4AAE-B562-58A990A29994}"
EndProject
Global
	GlobalSection(SolutionConfigurationPlatforms) = preSolution
		Debug|Any CPU = Debug|Any CPU
		Release|Any CPU = Release|Any CPU
	EndGlobalSection
	GlobalSection(ProjectConfigurationPlatforms) = postSolution
		{4193409F-848B-4AAE-B562-58A990A29994}.Debug|Any CPU.ActiveCfg = Debug|Any CPU
		{4193409F-848B-4AAE-B562-58A990A29994}.Debug|Any CPU.Build.0 = Debug|Any CPU
		{4193409F-848B-4AAE-B562-58A990A29994}.Release|Any CPU.ActiveCfg = Release|Any CPU
		{4193409F-848B-4AAE-B562-58A990A29994}.Release|Any CPU.Build.0 = Release|Any CPU
	EndGlobalSection
	GlobalSection(SolutionProperties) = preSolution
		HideSolutionNode = FALSE
	EndGlobalSection
	GlobalSection(ExtensibilityGlobals) = postSolution
		SolutionGuid = {291F909B-8731-401E-A423-98FCB018F868}
	EndGlobalSection
EndGlobal
